
Microsoft Visual Studio Solution File, Format Version 12.00
# Visual Studio Express 2012 for Windows Desktop
Project("{FAE04EC0-301F-11D3-BF4B-00C04F79EFBC}") = "gazo", "gazo\gazo.csproj", "{2E8445F5-804D-4ADB-BA12-CC100132DA3D}"
EndProject
Project("{FAE04EC0-301F-11D3-BF4B-00C04F79EFBC}") = "UnitTestProject1", "UnitTestProject1\UnitTestProject1.csproj", "{D270CC3D-D7B8-456E-B475-1B7D1413007B}"
EndProject
Project("{FAE04EC0-301F-11D3-BF4B-00C04F79EFBC}") = "warito8bit", "warito8bit\warito8bit.csproj", "{975F3730-F5E4-477B-8C34-2F727D895958}"
EndProject
Global
	GlobalSection(SolutionConfigurationPlatforms) = preSolution
		Debug|Any CPU = Debug|Any CPU
		Release|Any CPU = Release|Any CPU
	EndGlobalSection
	GlobalSection(ProjectConfigurationPlatforms) = postSolution
		{2E8445F5-804D-4ADB-BA12-CC100132DA3D}.Debug|Any CPU.ActiveCfg = Debug|Any CPU
		{2E8445F5-804D-4ADB-BA12-CC100132DA3D}.Debug|Any CPU.Build.0 = Debug|Any CPU
		{2E8445F5-804D-4ADB-BA12-CC100132DA3D}.Release|Any CPU.ActiveCfg = Release|Any CPU
		{2E8445F5-804D-4ADB-BA12-CC100132DA3D}.Release|Any CPU.Build.0 = Release|Any CPU
		{D270CC3D-D7B8-456E-B475-1B7D1413007B}.Debug|Any CPU.ActiveCfg = Debug|Any CPU
		{D270CC3D-D7B8-456E-B475-1B7D1413007B}.Debug|Any CPU.Build.0 = Debug|Any CPU
		{D270CC3D-D7B8-456E-B475-1B7D1413007B}.Release|Any CPU.ActiveCfg = Release|Any CPU
		{D270CC3D-D7B8-456E-B475-1B7D1413007B}.Release|Any CPU.Build.0 = Release|Any CPU
		{975F3730-F5E4-477B-8C34-2F727D895958}.Debug|Any CPU.ActiveCfg = Debug|Any CPU
		{975F3730-F5E4-477B-8C34-2F727D895958}.Debug|Any CPU.Build.0 = Debug|Any CPU
		{975F3730-F5E4-477B-8C34-2F727D895958}.Release|Any CPU.ActiveCfg = Release|Any CPU
		{975F3730-F5E4-477B-8C34-2F727D895958}.Release|Any CPU.Build.0 = Release|Any CPU
	EndGlobalSection
	GlobalSection(SolutionProperties) = preSolution
		HideSolutionNode = FALSE
	EndGlobalSection
EndGlobal
